
Microsoft Visual Studio Solution File, Format Version 12.00
# Visual Studio Version 17
VisualStudioVersion = 17.9.34607.119
MinimumVisualStudioVersion = 10.0.40219.1
Project("{8BC9CEB8-8B4A-11D0-8D11-00A0C91BC942}") = "StaticMemberVariable1", "StaticMemberVariable1\StaticMemberVariable1.vcxproj", "{50EA3EDB-8704-4847-B135-8250A323B6B5}"
EndProject
Project("{8BC9CEB8-8B4A-11D0-8D11-00A0C91BC942}") = "StaticMemberFuction", "StaticFuction\StaticFuction.vcxproj", "{C0E27524-E21C-4411-A138-1A8F1FCC3742}"
EndProject
Project("{8BC9CEB8-8B4A-11D0-8D11-00A0C91BC942}") = "Constructor", "Constructor\Constructor.vcxproj", "{9103EB0D-0BFB-46A2-A51B-4E64AF1F6A2D}"
EndProject
Project("{8BC9CEB8-8B4A-11D0-8D11-00A0C91BC942}") = "ChainFunction", "ChainFunction\ChainFunction.vcxproj", "{20003A34-7A9D-40E2-BE0C-8F9443479667}"
EndProject
Project("{8BC9CEB8-8B4A-11D0-8D11-00A0C91BC942}") = "Destruktor", "Destruktor\Destruktor.vcxproj", "{BCE7D6E1-9E8A-4B08-9194-7A1E6131172F}"
EndProject
Global
	GlobalSection(SolutionConfigurationPlatforms) = preSolution
		Debug|x64 = Debug|x64
		Debug|x86 = Debug|x86
		Release|x64 = Release|x64
		Release|x86 = Release|x86
	EndGlobalSection
	GlobalSection(ProjectConfigurationPlatforms) = postSolution
		{50EA3EDB-8704-4847-B135-8250A323B6B5}.Debug|x64.ActiveCfg = Debug|x64
		{50EA3EDB-8704-4847-B135-8250A323B6B5}.Debug|x64.Build.0 = Debug|x64
		{50EA3EDB-8704-4847-B135-8250A323B6B5}.Debug|x86.ActiveCfg = Debug|Win32
		{50EA3EDB-8704-4847-B135-8250A323B6B5}.Debug|x86.Build.0 = Debug|Win32
		{50EA3EDB-8704-4847-B135-8250A323B6B5}.Release|x64.ActiveCfg = Release|x64
		{50EA3EDB-8704-4847-B135-8250A323B6B5}.Release|x64.Build.0 = Release|x64
		{50EA3EDB-8704-4847-B135-8250A323B6B5}.Release|x86.ActiveCfg = Release|Win32
		{50EA3EDB-8704-4847-B135-8250A323B6B5}.Release|x86.Build.0 = Release|Win32
		{C0E27524-E21C-4411-A138-1A8F1FCC3742}.Debug|x64.ActiveCfg = Debug|x64
		{C0E27524-E21C-4411-A138-1A8F1FCC3742}.Debug|x64.Build.0 = Debug|x64
		{C0E27524-E21C-4411-A138-1A8F1FCC3742}.Debug|x86.ActiveCfg = Debug|Win32
		{C0E27524-E21C-4411-A138-1A8F1FCC3742}.Debug|x86.Build.0 = Debug|Win32
		{C0E27524-E21C-4411-A138-1A8F1FCC3742}.Release|x64.ActiveCfg = Release|x64
		{C0E27524-E21C-4411-A138-1A8F1FCC3742}.Release|x64.Build.0 = Release|x64
		{C0E27524-E21C-4411-A138-1A8F1FCC3742}.Release|x86.ActiveCfg = Release|Win32
		{C0E27524-E21C-4411-A138-1A8F1FCC3742}.Release|x86.Build.0 = Release|Win32
		{9103EB0D-0BFB-46A2-A51B-4E64AF1F6A2D}.Debug|x64.ActiveCfg = Debug|x64
		{9103EB0D-0BFB-46A2-A51B-4E64AF1F6A2D}.Debug|x64.Build.0 = Debug|x64
		{9103EB0D-0BFB-46A2-A51B-4E64AF1F6A2D}.Debug|x86.ActiveCfg = Debug|Win32
		{9103EB0D-0BFB-46A2-A51B-4E64AF1F6A2D}.Debug|x86.Build.0 = Debug|Win32
		{9103EB0D-0BFB-46A2-A51B-4E64AF1F6A2D}.Release|x64.ActiveCfg = Release|x64
		{9103EB0D-0BFB-46A2-A51B-4E64AF1F6A2D}.Release|x64.Build.0 = Release|x64
		{9103EB0D-0BFB-46A2-A51B-4E64AF1F6A2D}.Release|x86.ActiveCfg = Release|Win32
		{9103EB0D-0BFB-46A2-A51B-4E64AF1F6A2D}.Release|x86.Build.0 = Release|Win32
		{20003A34-7A9D-40E2-BE0C-8F9443479667}.Debug|x64.ActiveCfg = Debug|x64
		{20003A34-7A9D-40E2-BE0C-8F9443479667}.Debug|x64.Build.0 = Debug|x64
		{20003A34-7A9D-40E2-BE0C-8F9443479667}.Debug|x86.ActiveCfg = Debug|Win32
		{20003A34-7A9D-40E2-BE0C-8F9443479667}.Debug|x86.Build.0 = Debug|Win32
		{20003A34-7A9D-40E2-BE0C-8F9443479667}.Release|x64.ActiveCfg = Release|x64
		{20003A34-7A9D-40E2-BE0C-8F9443479667}.Release|x64.Build.0 = Release|x64
		{20003A34-7A9D-40E2-BE0C-8F9443479667}.Release|x86.ActiveCfg = Release|Win32
		{20003A34-7A9D-40E2-BE0C-8F9443479667}.Release|x86.Build.0 = Release|Win32
		{BCE7D6E1-9E8A-4B08-9194-7A1E6131172F}.Debug|x64.ActiveCfg = Debug|x64
		{BCE7D6E1-9E8A-4B08-9194-7A1E6131172F}.Debug|x64.Build.0 = Debug|x64
		{BCE7D6E1-9E8A-4B08-9194-7A1E6131172F}.Debug|x86.ActiveCfg = Debug|Win32
		{BCE7D6E1-9E8A-4B08-9194-7A1E6131172F}.Debug|x86.Build.0 = Debug|Win32
		{BCE7D6E1-9E8A-4B08-9194-7A1E6131172F}.Release|x64.ActiveCfg = Release|x64
		{BCE7D6E1-9E8A-4B08-9194-7A1E6131172F}.Release|x64.Build.0 = Release|x64
		{BCE7D6E1-9E8A-4B08-9194-7A1E6131172F}.Release|x86.ActiveCfg = Release|Win32
		{BCE7D6E1-9E8A-4B08-9194-7A1E6131172F}.Release|x86.Build.0 = Release|Win32
	EndGlobalSection
	GlobalSection(SolutionProperties) = preSolution
		HideSolutionNode = FALSE
	EndGlobalSection
	GlobalSection(ExtensibilityGlobals) = postSolution
		SolutionGuid = {22DD1920-B94C-45B9-8219-1428BF6DAB0E}
	EndGlobalSection
EndGlobal
